// !$*UTF8*$!
{
	archiveVersion = 1;
	classes = {
	};
	objectVersion = 51;
	objects = {

/* Begin PBXBuildFile section */
		90013143494F4C965B5020B7 /* Pods_BBCTopStories.framework in Frameworks */ = {isa = PBXBuildFile; fileRef = BDD7D56F362E9879C6A1B54C /* Pods_BBCTopStories.framework */; };
		E8F5D512231BE867001EC42E /* AppDelegate.swift in Sources */ = {isa = PBXBuildFile; fileRef = E8F5D511231BE867001EC42E /* AppDelegate.swift */; };
		E8F5D519231BE869001EC42E /* Assets.xcassets in Resources */ = {isa = PBXBuildFile; fileRef = E8F5D518231BE869001EC42E /* Assets.xcassets */; };
		E8F5D51C231BE869001EC42E /* LaunchScreen.storyboard in Resources */ = {isa = PBXBuildFile; fileRef = E8F5D51A231BE869001EC42E /* LaunchScreen.storyboard */; };
		E8F5D532231BEA98001EC42E /* Headlines.storyboard in Resources */ = {isa = PBXBuildFile; fileRef = E8F5D531231BEA98001EC42E /* Headlines.storyboard */; };
		E8F5D539231BEBA9001EC42E /* HeadlinesListController.swift in Sources */ = {isa = PBXBuildFile; fileRef = E8F5D538231BEBA9001EC42E /* HeadlinesListController.swift */; };
		E8F5D53B231BED15001EC42E /* HeadlinesListViewController.swift in Sources */ = {isa = PBXBuildFile; fileRef = E8F5D53A231BED15001EC42E /* HeadlinesListViewController.swift */; };
		E8F5D53E231BEEE3001EC42E /* Storyboards.swift in Sources */ = {isa = PBXBuildFile; fileRef = E8F5D53D231BEEE3001EC42E /* Storyboards.swift */; };
		E8F5D541231BEFAE001EC42E /* Array+SceneRepresentable.swift in Sources */ = {isa = PBXBuildFile; fileRef = E8F5D540231BEFAE001EC42E /* Array+SceneRepresentable.swift */; };
		E8F5D543231BF0D7001EC42E /* HeadlinesStoryboardScenes.swift in Sources */ = {isa = PBXBuildFile; fileRef = E8F5D542231BF0D7001EC42E /* HeadlinesStoryboardScenes.swift */; };
		E8F5D54A231BF51A001EC42E /* StoryboardsTests.swift in Sources */ = {isa = PBXBuildFile; fileRef = E8F5D549231BF51A001EC42E /* StoryboardsTests.swift */; };
		E8F5D54D231BF5A8001EC42E /* HeadlinesStoryboardScenesTests.swift in Sources */ = {isa = PBXBuildFile; fileRef = E8F5D54C231BF5A8001EC42E /* HeadlinesStoryboardScenesTests.swift */; };
		E8F5D54F231BFA0D001EC42E /* HeadlinesCell.swift in Sources */ = {isa = PBXBuildFile; fileRef = E8F5D54E231BFA0D001EC42E /* HeadlinesCell.swift */; };
		E8F5D552231BFCD1001EC42E /* RequestPerformer.swift in Sources */ = {isa = PBXBuildFile; fileRef = E8F5D551231BFCD1001EC42E /* RequestPerformer.swift */; };
		E8F5D554231C08A6001EC42E /* JSONParser.swift in Sources */ = {isa = PBXBuildFile; fileRef = E8F5D553231C08A6001EC42E /* JSONParser.swift */; };
		E8F5D557231C0BCD001EC42E /* Story.swift in Sources */ = {isa = PBXBuildFile; fileRef = E8F5D556231C0BCD001EC42E /* Story.swift */; };
		E8F5D55A231C3470001EC42E /* MockURLSession.swift in Sources */ = {isa = PBXBuildFile; fileRef = E8F5D559231C3470001EC42E /* MockURLSession.swift */; };
		E8F5D55C231C3566001EC42E /* RequestPerformerTests.swift in Sources */ = {isa = PBXBuildFile; fileRef = E8F5D55B231C3566001EC42E /* RequestPerformerTests.swift */; };
		E8F5D55E231C3F19001EC42E /* JSONParserTests.swift in Sources */ = {isa = PBXBuildFile; fileRef = E8F5D55D231C3F19001EC42E /* JSONParserTests.swift */; };
		E8F5D561231C42D4001EC42E /* HeadlinesCellTests.swift in Sources */ = {isa = PBXBuildFile; fileRef = E8F5D560231C42D4001EC42E /* HeadlinesCellTests.swift */; };
		E8F5D567231D6391001EC42E /* StoryListResponseModel.swift in Sources */ = {isa = PBXBuildFile; fileRef = E8F5D566231D6391001EC42E /* StoryListResponseModel.swift */; };
		E8F5D569231D7739001EC42E /* HeadlineDetailViewController.swift in Sources */ = {isa = PBXBuildFile; fileRef = E8F5D568231D7739001EC42E /* HeadlineDetailViewController.swift */; };
		E8F5D56B231D7935001EC42E /* HeadlinesFlowController.swift in Sources */ = {isa = PBXBuildFile; fileRef = E8F5D56A231D7935001EC42E /* HeadlinesFlowController.swift */; };
		E8F5D56E231D8D15001EC42E /* HeadlinesFlowControllerTests.swift in Sources */ = {isa = PBXBuildFile; fileRef = E8F5D56D231D8D15001EC42E /* HeadlinesFlowControllerTests.swift */; };
		E8F5D574231D9228001EC42E /* FavoritesManager.swift in Sources */ = {isa = PBXBuildFile; fileRef = E8F5D573231D9228001EC42E /* FavoritesManager.swift */; };
		E8F5D576231D925C001EC42E /* FavoritesCache.swift in Sources */ = {isa = PBXBuildFile; fileRef = E8F5D575231D925C001EC42E /* FavoritesCache.swift */; };
		E8F5D578231E9D98001EC42E /* HeadlineDetailController.swift in Sources */ = {isa = PBXBuildFile; fileRef = E8F5D577231E9D98001EC42E /* HeadlineDetailController.swift */; };
		E8F5D57C231EAB8F001EC42E /* HeadlineDetailControllerTests.swift in Sources */ = {isa = PBXBuildFile; fileRef = E8F5D57B231EAB8F001EC42E /* HeadlineDetailControllerTests.swift */; };
		E8F5D57E231EABE7001EC42E /* MockFavoritesManager.swift in Sources */ = {isa = PBXBuildFile; fileRef = E8F5D57D231EABE7001EC42E /* MockFavoritesManager.swift */; };
		E8F5D580231EE5BF001EC42E /* MockRequestPerformer.swift in Sources */ = {isa = PBXBuildFile; fileRef = E8F5D57F231EE5BF001EC42E /* MockRequestPerformer.swift */; };
		E8F5D582231EE639001EC42E /* HeadlinesListControllerTests.swift in Sources */ = {isa = PBXBuildFile; fileRef = E8F5D581231EE639001EC42E /* HeadlinesListControllerTests.swift */; };
		E8F5D585231EEBC8001EC42E /* FavoritesManagerTests.swift in Sources */ = {isa = PBXBuildFile; fileRef = E8F5D584231EEBC8001EC42E /* FavoritesManagerTests.swift */; };
		E8F5D587231EEBD3001EC42E /* FavoritesCacheTests.swift in Sources */ = {isa = PBXBuildFile; fileRef = E8F5D586231EEBD3001EC42E /* FavoritesCacheTests.swift */; };
		E8F5D589231EF9CD001EC42E /* MockFavoritesCache.swift in Sources */ = {isa = PBXBuildFile; fileRef = E8F5D588231EF9CD001EC42E /* MockFavoritesCache.swift */; };
		E8F5D58B231F00E1001EC42E /* FavoriteHeadlinesController.swift in Sources */ = {isa = PBXBuildFile; fileRef = E8F5D58A231F00E1001EC42E /* FavoriteHeadlinesController.swift */; };
		E8F5D58D231F0FE4001EC42E /* HeadlinesLisViewControllerTests.swift in Sources */ = {isa = PBXBuildFile; fileRef = E8F5D58C231F0FE4001EC42E /* HeadlinesLisViewControllerTests.swift */; };
		E8F5D58F231F119D001EC42E /* FavoriteHeadlinesControllerTests.swift in Sources */ = {isa = PBXBuildFile; fileRef = E8F5D58E231F119D001EC42E /* FavoriteHeadlinesControllerTests.swift */; };
		E8F5D594231F19CD001EC42E /* Array+SceneRepresentable.swift in Sources */ = {isa = PBXBuildFile; fileRef = E8F5D540231BEFAE001EC42E /* Array+SceneRepresentable.swift */; };
		E8F5D595231F19CD001EC42E /* Storyboards.swift in Sources */ = {isa = PBXBuildFile; fileRef = E8F5D53D231BEEE3001EC42E /* Storyboards.swift */; };
		E8F5D596231F19CD001EC42E /* JSONParser.swift in Sources */ = {isa = PBXBuildFile; fileRef = E8F5D553231C08A6001EC42E /* JSONParser.swift */; };
		E8F5D597231F19CD001EC42E /* AppDelegate.swift in Sources */ = {isa = PBXBuildFile; fileRef = E8F5D511231BE867001EC42E /* AppDelegate.swift */; };
		E8F5D598231F19CD001EC42E /* HeadlinesListController.swift in Sources */ = {isa = PBXBuildFile; fileRef = E8F5D538231BEBA9001EC42E /* HeadlinesListController.swift */; };
		E8F5D599231F19CD001EC42E /* FavoritesCache.swift in Sources */ = {isa = PBXBuildFile; fileRef = E8F5D575231D925C001EC42E /* FavoritesCache.swift */; };
		E8F5D59A231F19CD001EC42E /* StoryListResponseModel.swift in Sources */ = {isa = PBXBuildFile; fileRef = E8F5D566231D6391001EC42E /* StoryListResponseModel.swift */; };
		E8F5D59B231F19CD001EC42E /* HeadlinesFlowController.swift in Sources */ = {isa = PBXBuildFile; fileRef = E8F5D56A231D7935001EC42E /* HeadlinesFlowController.swift */; };
		E8F5D59C231F19CD001EC42E /* RequestPerformer.swift in Sources */ = {isa = PBXBuildFile; fileRef = E8F5D551231BFCD1001EC42E /* RequestPerformer.swift */; };
		E8F5D59D231F19CD001EC42E /* HeadlinesCell.swift in Sources */ = {isa = PBXBuildFile; fileRef = E8F5D54E231BFA0D001EC42E /* HeadlinesCell.swift */; };
		E8F5D59E231F19CD001EC42E /* FavoriteHeadlinesController.swift in Sources */ = {isa = PBXBuildFile; fileRef = E8F5D58A231F00E1001EC42E /* FavoriteHeadlinesController.swift */; };
		E8F5D59F231F19CD001EC42E /* HeadlineDetailController.swift in Sources */ = {isa = PBXBuildFile; fileRef = E8F5D577231E9D98001EC42E /* HeadlineDetailController.swift */; };
		E8F5D5A0231F19CD001EC42E /* FavoritesManager.swift in Sources */ = {isa = PBXBuildFile; fileRef = E8F5D573231D9228001EC42E /* FavoritesManager.swift */; };
		E8F5D5A1231F19CD001EC42E /* HeadlinesListViewController.swift in Sources */ = {isa = PBXBuildFile; fileRef = E8F5D53A231BED15001EC42E /* HeadlinesListViewController.swift */; };
		E8F5D5A2231F19CD001EC42E /* HeadlineDetailViewController.swift in Sources */ = {isa = PBXBuildFile; fileRef = E8F5D568231D7739001EC42E /* HeadlineDetailViewController.swift */; };
		E8F5D5A3231F19CD001EC42E /* HeadlinesStoryboardScenes.swift in Sources */ = {isa = PBXBuildFile; fileRef = E8F5D542231BF0D7001EC42E /* HeadlinesStoryboardScenes.swift */; };
		E8F5D5A4231F19CD001EC42E /* Story.swift in Sources */ = {isa = PBXBuildFile; fileRef = E8F5D556231C0BCD001EC42E /* Story.swift */; };
		E8F5D5A6231F19CD001EC42E /* Pods_BBCTopStories.framework in Frameworks */ = {isa = PBXBuildFile; fileRef = BDD7D56F362E9879C6A1B54C /* Pods_BBCTopStories.framework */; };
		E8F5D5A8231F19CD001EC42E /* LaunchScreen.storyboard in Resources */ = {isa = PBXBuildFile; fileRef = E8F5D51A231BE869001EC42E /* LaunchScreen.storyboard */; };
		E8F5D5A9231F19CD001EC42E /* Headlines.storyboard in Resources */ = {isa = PBXBuildFile; fileRef = E8F5D531231BEA98001EC42E /* Headlines.storyboard */; };
		E8F5D5AA231F19CD001EC42E /* Assets.xcassets in Resources */ = {isa = PBXBuildFile; fileRef = E8F5D518231BE869001EC42E /* Assets.xcassets */; };
		E8F5D5B2231F1A85001EC42E /* File.swift in Sources */ = {isa = PBXBuildFile; fileRef = E8F5D5B1231F1A85001EC42E /* File.swift */; };
		E8F5D5B3231F1A85001EC42E /* File.swift in Sources */ = {isa = PBXBuildFile; fileRef = E8F5D5B1231F1A85001EC42E /* File.swift */; };
/* End PBXBuildFile section */

/* Begin PBXContainerItemProxy section */
		E8F5D523231BE869001EC42E /* PBXContainerItemProxy */ = {
			isa = PBXContainerItemProxy;
			containerPortal = E8F5D506231BE867001EC42E /* Project object */;
			proxyType = 1;
			remoteGlobalIDString = E8F5D50D231BE867001EC42E;
			remoteInfo = BBCTopStories;
		};
/* End PBXContainerItemProxy section */

/* Begin PBXFileReference section */
		741FAAD46AFF9CC90D888FBD /* Pods-BBCTopStories.release.xcconfig */ = {isa = PBXFileReference; includeInIndex = 1; lastKnownFileType = text.xcconfig; name = "Pods-BBCTopStories.release.xcconfig"; path = "Target Support Files/Pods-BBCTopStories/Pods-BBCTopStories.release.xcconfig"; sourceTree = "<group>"; };
		A8111A750307C90AD1D00A45 /* Pods-BBCTopStories.debug.xcconfig */ = {isa = PBXFileReference; includeInIndex = 1; lastKnownFileType = text.xcconfig; name = "Pods-BBCTopStories.debug.xcconfig"; path = "Target Support Files/Pods-BBCTopStories/Pods-BBCTopStories.debug.xcconfig"; sourceTree = "<group>"; };
		BDD7D56F362E9879C6A1B54C /* Pods_BBCTopStories.framework */ = {isa = PBXFileReference; explicitFileType = wrapper.framework; includeInIndex = 0; path = Pods_BBCTopStories.framework; sourceTree = BUILT_PRODUCTS_DIR; };
		E8F5D50E231BE867001EC42E /* BBCTopStories.app */ = {isa = PBXFileReference; explicitFileType = wrapper.application; includeInIndex = 0; path = BBCTopStories.app; sourceTree = BUILT_PRODUCTS_DIR; };
		E8F5D511231BE867001EC42E /* AppDelegate.swift */ = {isa = PBXFileReference; lastKnownFileType = sourcecode.swift; path = AppDelegate.swift; sourceTree = "<group>"; };
		E8F5D518231BE869001EC42E /* Assets.xcassets */ = {isa = PBXFileReference; lastKnownFileType = folder.assetcatalog; path = Assets.xcassets; sourceTree = "<group>"; };
		E8F5D51B231BE869001EC42E /* Base */ = {isa = PBXFileReference; lastKnownFileType = file.storyboard; name = Base; path = Base.lproj/LaunchScreen.storyboard; sourceTree = "<group>"; };
		E8F5D51D231BE869001EC42E /* Info.plist */ = {isa = PBXFileReference; lastKnownFileType = text.plist.xml; path = Info.plist; sourceTree = "<group>"; };
		E8F5D522231BE869001EC42E /* BBCTopStoriesTests.xctest */ = {isa = PBXFileReference; explicitFileType = wrapper.cfbundle; includeInIndex = 0; path = BBCTopStoriesTests.xctest; sourceTree = BUILT_PRODUCTS_DIR; };
		E8F5D528231BE869001EC42E /* Info.plist */ = {isa = PBXFileReference; lastKnownFileType = text.plist.xml; path = Info.plist; sourceTree = "<group>"; };
		E8F5D531231BEA98001EC42E /* Headlines.storyboard */ = {isa = PBXFileReference; lastKnownFileType = file.storyboard; path = Headlines.storyboard; sourceTree = "<group>"; };
		E8F5D538231BEBA9001EC42E /* HeadlinesListController.swift */ = {isa = PBXFileReference; lastKnownFileType = sourcecode.swift; path = HeadlinesListController.swift; sourceTree = "<group>"; };
		E8F5D53A231BED15001EC42E /* HeadlinesListViewController.swift */ = {isa = PBXFileReference; lastKnownFileType = sourcecode.swift; path = HeadlinesListViewController.swift; sourceTree = "<group>"; };
		E8F5D53D231BEEE3001EC42E /* Storyboards.swift */ = {isa = PBXFileReference; lastKnownFileType = sourcecode.swift; path = Storyboards.swift; sourceTree = "<group>"; };
		E8F5D540231BEFAE001EC42E /* Array+SceneRepresentable.swift */ = {isa = PBXFileReference; lastKnownFileType = sourcecode.swift; path = "Array+SceneRepresentable.swift"; sourceTree = "<group>"; };
		E8F5D542231BF0D7001EC42E /* HeadlinesStoryboardScenes.swift */ = {isa = PBXFileReference; lastKnownFileType = sourcecode.swift; path = HeadlinesStoryboardScenes.swift; sourceTree = "<group>"; };
		E8F5D548231BF519001EC42E /* BBCTopStoriesTests-Bridging-Header.h */ = {isa = PBXFileReference; lastKnownFileType = sourcecode.c.h; path = "BBCTopStoriesTests-Bridging-Header.h"; sourceTree = "<group>"; };
		E8F5D549231BF51A001EC42E /* StoryboardsTests.swift */ = {isa = PBXFileReference; lastKnownFileType = sourcecode.swift; path = StoryboardsTests.swift; sourceTree = "<group>"; };
		E8F5D54C231BF5A8001EC42E /* HeadlinesStoryboardScenesTests.swift */ = {isa = PBXFileReference; lastKnownFileType = sourcecode.swift; path = HeadlinesStoryboardScenesTests.swift; sourceTree = "<group>"; };
		E8F5D54E231BFA0D001EC42E /* HeadlinesCell.swift */ = {isa = PBXFileReference; lastKnownFileType = sourcecode.swift; path = HeadlinesCell.swift; sourceTree = "<group>"; };
		E8F5D551231BFCD1001EC42E /* RequestPerformer.swift */ = {isa = PBXFileReference; lastKnownFileType = sourcecode.swift; path = RequestPerformer.swift; sourceTree = "<group>"; };
		E8F5D553231C08A6001EC42E /* JSONParser.swift */ = {isa = PBXFileReference; lastKnownFileType = sourcecode.swift; path = JSONParser.swift; sourceTree = "<group>"; };
		E8F5D556231C0BCD001EC42E /* Story.swift */ = {isa = PBXFileReference; lastKnownFileType = sourcecode.swift; path = Story.swift; sourceTree = "<group>"; };
		E8F5D559231C3470001EC42E /* MockURLSession.swift */ = {isa = PBXFileReference; lastKnownFileType = sourcecode.swift; path = MockURLSession.swift; sourceTree = "<group>"; };
		E8F5D55B231C3566001EC42E /* RequestPerformerTests.swift */ = {isa = PBXFileReference; lastKnownFileType = sourcecode.swift; path = RequestPerformerTests.swift; sourceTree = "<group>"; };
		E8F5D55D231C3F19001EC42E /* JSONParserTests.swift */ = {isa = PBXFileReference; lastKnownFileType = sourcecode.swift; path = JSONParserTests.swift; sourceTree = "<group>"; };
		E8F5D560231C42D4001EC42E /* HeadlinesCellTests.swift */ = {isa = PBXFileReference; lastKnownFileType = sourcecode.swift; path = HeadlinesCellTests.swift; sourceTree = "<group>"; };
		E8F5D566231D6391001EC42E /* StoryListResponseModel.swift */ = {isa = PBXFileReference; lastKnownFileType = sourcecode.swift; path = StoryListResponseModel.swift; sourceTree = "<group>"; };
		E8F5D568231D7739001EC42E /* HeadlineDetailViewController.swift */ = {isa = PBXFileReference; lastKnownFileType = sourcecode.swift; path = HeadlineDetailViewController.swift; sourceTree = "<group>"; };
		E8F5D56A231D7935001EC42E /* HeadlinesFlowController.swift */ = {isa = PBXFileReference; lastKnownFileType = sourcecode.swift; path = HeadlinesFlowController.swift; sourceTree = "<group>"; };
		E8F5D56D231D8D15001EC42E /* HeadlinesFlowControllerTests.swift */ = {isa = PBXFileReference; lastKnownFileType = sourcecode.swift; path = HeadlinesFlowControllerTests.swift; sourceTree = "<group>"; };
		E8F5D573231D9228001EC42E /* FavoritesManager.swift */ = {isa = PBXFileReference; lastKnownFileType = sourcecode.swift; path = FavoritesManager.swift; sourceTree = "<group>"; };
		E8F5D575231D925C001EC42E /* FavoritesCache.swift */ = {isa = PBXFileReference; lastKnownFileType = sourcecode.swift; path = FavoritesCache.swift; sourceTree = "<group>"; };
		E8F5D577231E9D98001EC42E /* HeadlineDetailController.swift */ = {isa = PBXFileReference; lastKnownFileType = sourcecode.swift; path = HeadlineDetailController.swift; sourceTree = "<group>"; };
		E8F5D57B231EAB8F001EC42E /* HeadlineDetailControllerTests.swift */ = {isa = PBXFileReference; lastKnownFileType = sourcecode.swift; path = HeadlineDetailControllerTests.swift; sourceTree = "<group>"; };
		E8F5D57D231EABE7001EC42E /* MockFavoritesManager.swift */ = {isa = PBXFileReference; lastKnownFileType = sourcecode.swift; path = MockFavoritesManager.swift; sourceTree = "<group>"; };
		E8F5D57F231EE5BF001EC42E /* MockRequestPerformer.swift */ = {isa = PBXFileReference; lastKnownFileType = sourcecode.swift; path = MockRequestPerformer.swift; sourceTree = "<group>"; };
		E8F5D581231EE639001EC42E /* HeadlinesListControllerTests.swift */ = {isa = PBXFileReference; lastKnownFileType = sourcecode.swift; path = HeadlinesListControllerTests.swift; sourceTree = "<group>"; };
		E8F5D584231EEBC8001EC42E /* FavoritesManagerTests.swift */ = {isa = PBXFileReference; lastKnownFileType = sourcecode.swift; path = FavoritesManagerTests.swift; sourceTree = "<group>"; };
		E8F5D586231EEBD3001EC42E /* FavoritesCacheTests.swift */ = {isa = PBXFileReference; lastKnownFileType = sourcecode.swift; path = FavoritesCacheTests.swift; sourceTree = "<group>"; };
		E8F5D588231EF9CD001EC42E /* MockFavoritesCache.swift */ = {isa = PBXFileReference; lastKnownFileType = sourcecode.swift; path = MockFavoritesCache.swift; sourceTree = "<group>"; };
		E8F5D58A231F00E1001EC42E /* FavoriteHeadlinesController.swift */ = {isa = PBXFileReference; lastKnownFileType = sourcecode.swift; path = FavoriteHeadlinesController.swift; sourceTree = "<group>"; };
		E8F5D58C231F0FE4001EC42E /* HeadlinesLisViewControllerTests.swift */ = {isa = PBXFileReference; lastKnownFileType = sourcecode.swift; path = HeadlinesLisViewControllerTests.swift; sourceTree = "<group>"; };
		E8F5D58E231F119D001EC42E /* FavoriteHeadlinesControllerTests.swift */ = {isa = PBXFileReference; lastKnownFileType = sourcecode.swift; path = FavoriteHeadlinesControllerTests.swift; sourceTree = "<group>"; };
		E8F5D5AF231F19CD001EC42E /* NYTTopStories.app */ = {isa = PBXFileReference; explicitFileType = wrapper.application; includeInIndex = 0; path = NYTTopStories.app; sourceTree = BUILT_PRODUCTS_DIR; };
		E8F5D5B1231F1A85001EC42E /* File.swift */ = {isa = PBXFileReference; lastKnownFileType = sourcecode.swift; path = File.swift; sourceTree = "<group>"; };
		E8F5D5D4231F1ABC001EC42E /* NYTTopStories.plist */ = {isa = PBXFileReference; lastKnownFileType = text.plist.xml; name = NYTTopStories.plist; path = /Users/alexander.ge/Desktop/bbctop/BBCTopStories/NYTTopStories.plist; sourceTree = "<absolute>"; };
/* End PBXFileReference section */

/* Begin PBXFrameworksBuildPhase section */
		E8F5D50B231BE867001EC42E /* Frameworks */ = {
			isa = PBXFrameworksBuildPhase;
			buildActionMask = 2147483647;
			files = (
				90013143494F4C965B5020B7 /* Pods_BBCTopStories.framework in Frameworks */,
			);
			runOnlyForDeploymentPostprocessing = 0;
		};
		E8F5D51F231BE869001EC42E /* Frameworks */ = {
			isa = PBXFrameworksBuildPhase;
			buildActionMask = 2147483647;
			files = (
			);
			runOnlyForDeploymentPostprocessing = 0;
		};
		E8F5D5A5231F19CD001EC42E /* Frameworks */ = {
			isa = PBXFrameworksBuildPhase;
			buildActionMask = 2147483647;
			files = (
				E8F5D5A6231F19CD001EC42E /* Pods_BBCTopStories.framework in Frameworks */,
			);
			runOnlyForDeploymentPostprocessing = 0;
		};
/* End PBXFrameworksBuildPhase section */

/* Begin PBXGroup section */
		0B94785B726C66210E61361E /* Pods */ = {
			isa = PBXGroup;
			children = (
				A8111A750307C90AD1D00A45 /* Pods-BBCTopStories.debug.xcconfig */,
				741FAAD46AFF9CC90D888FBD /* Pods-BBCTopStories.release.xcconfig */,
			);
			path = Pods;
			sourceTree = "<group>";
		};
		44E420114DA04072B1B42154 /* Frameworks */ = {
			isa = PBXGroup;
			children = (
				BDD7D56F362E9879C6A1B54C /* Pods_BBCTopStories.framework */,
			);
			name = Frameworks;
			sourceTree = "<group>";
		};
		E8F5D505231BE867001EC42E = {
			isa = PBXGroup;
			children = (
				E8F5D510231BE867001EC42E /* BBCTopStories */,
				E8F5D525231BE869001EC42E /* BBCTopStoriesTests */,
				E8F5D50F231BE867001EC42E /* Products */,
				0B94785B726C66210E61361E /* Pods */,
				44E420114DA04072B1B42154 /* Frameworks */,
			);
			sourceTree = "<group>";
		};
		E8F5D50F231BE867001EC42E /* Products */ = {
			isa = PBXGroup;
			children = (
				E8F5D50E231BE867001EC42E /* BBCTopStories.app */,
				E8F5D522231BE869001EC42E /* BBCTopStoriesTests.xctest */,
				E8F5D5AF231F19CD001EC42E /* NYTTopStories.app */,
			);
			name = Products;
			sourceTree = "<group>";
		};
		E8F5D510231BE867001EC42E /* BBCTopStories */ = {
			isa = PBXGroup;
			children = (
				E8F5D511231BE867001EC42E /* AppDelegate.swift */,
				E8F5D53D231BEEE3001EC42E /* Storyboards.swift */,
				E8F5D537231BEAEC001EC42E /* Headlines */,
				E8F5D550231BFCBC001EC42E /* Networking */,
				E8F5D53F231BEF9E001EC42E /* Extensions */,
				E8F5D518231BE869001EC42E /* Assets.xcassets */,
				E8F5D51A231BE869001EC42E /* LaunchScreen.storyboard */,
				E8F5D51D231BE869001EC42E /* Info.plist */,
				E8F5D5D4231F1ABC001EC42E /* NYTTopStories.plist */,
				E8F5D5B1231F1A85001EC42E /* File.swift */,
			);
			path = BBCTopStories;
			sourceTree = "<group>";
		};
		E8F5D525231BE869001EC42E /* BBCTopStoriesTests */ = {
			isa = PBXGroup;
			children = (
				E8F5D549231BF51A001EC42E /* StoryboardsTests.swift */,
				E8F5D53C231BEE9B001EC42E /* Headlines */,
				E8F5D558231C3451001EC42E /* Networking */,
				E8F5D528231BE869001EC42E /* Info.plist */,
				E8F5D548231BF519001EC42E /* BBCTopStoriesTests-Bridging-Header.h */,
			);
			path = BBCTopStoriesTests;
			sourceTree = "<group>";
		};
		E8F5D533231BEAA2001EC42E /* Storyboards */ = {
			isa = PBXGroup;
			children = (
				E8F5D531231BEA98001EC42E /* Headlines.storyboard */,
				E8F5D542231BF0D7001EC42E /* HeadlinesStoryboardScenes.swift */,
			);
			path = Storyboards;
			sourceTree = "<group>";
		};
		E8F5D535231BEACA001EC42E /* Controllers */ = {
			isa = PBXGroup;
			children = (
				E8F5D56A231D7935001EC42E /* HeadlinesFlowController.swift */,
				E8F5D538231BEBA9001EC42E /* HeadlinesListController.swift */,
				E8F5D577231E9D98001EC42E /* HeadlineDetailController.swift */,
				E8F5D58A231F00E1001EC42E /* FavoriteHeadlinesController.swift */,
			);
			path = Controllers;
			sourceTree = "<group>";
		};
		E8F5D536231BEAD6001EC42E /* Views */ = {
			isa = PBXGroup;
			children = (
				E8F5D53A231BED15001EC42E /* HeadlinesListViewController.swift */,
				E8F5D54E231BFA0D001EC42E /* HeadlinesCell.swift */,
				E8F5D568231D7739001EC42E /* HeadlineDetailViewController.swift */,
			);
			path = Views;
			sourceTree = "<group>";
		};
		E8F5D537231BEAEC001EC42E /* Headlines */ = {
			isa = PBXGroup;
			children = (
				E8F5D555231C0A63001EC42E /* Models */,
				E8F5D535231BEACA001EC42E /* Controllers */,
				E8F5D533231BEAA2001EC42E /* Storyboards */,
				E8F5D536231BEAD6001EC42E /* Views */,
				E8F5D572231D9210001EC42E /* Favorites */,
			);
			path = Headlines;
			sourceTree = "<group>";
		};
		E8F5D53C231BEE9B001EC42E /* Headlines */ = {
			isa = PBXGroup;
			children = (
				E8F5D56C231D8CFD001EC42E /* Controllers */,
				E8F5D54B231BF57B001EC42E /* Storyboards */,
				E8F5D55F231C42B5001EC42E /* Views */,
				E8F5D583231EEB96001EC42E /* Favorites */,
			);
			path = Headlines;
			sourceTree = "<group>";
		};
		E8F5D53F231BEF9E001EC42E /* Extensions */ = {
			isa = PBXGroup;
			children = (
				E8F5D540231BEFAE001EC42E /* Array+SceneRepresentable.swift */,
			);
			path = Extensions;
			sourceTree = "<group>";
		};
		E8F5D54B231BF57B001EC42E /* Storyboards */ = {
			isa = PBXGroup;
			children = (
				E8F5D54C231BF5A8001EC42E /* HeadlinesStoryboardScenesTests.swift */,
			);
			path = Storyboards;
			sourceTree = "<group>";
		};
		E8F5D550231BFCBC001EC42E /* Networking */ = {
			isa = PBXGroup;
			children = (
				E8F5D551231BFCD1001EC42E /* RequestPerformer.swift */,
				E8F5D553231C08A6001EC42E /* JSONParser.swift */,
				E8F5D566231D6391001EC42E /* StoryListResponseModel.swift */,
			);
			path = Networking;
			sourceTree = "<group>";
		};
		E8F5D555231C0A63001EC42E /* Models */ = {
			isa = PBXGroup;
			children = (
				E8F5D556231C0BCD001EC42E /* Story.swift */,
			);
			path = Models;
			sourceTree = "<group>";
		};
		E8F5D558231C3451001EC42E /* Networking */ = {
			isa = PBXGroup;
			children = (
				E8F5D559231C3470001EC42E /* MockURLSession.swift */,
				E8F5D55B231C3566001EC42E /* RequestPerformerTests.swift */,
				E8F5D55D231C3F19001EC42E /* JSONParserTests.swift */,
				E8F5D57F231EE5BF001EC42E /* MockRequestPerformer.swift */,
			);
			path = Networking;
			sourceTree = "<group>";
		};
		E8F5D55F231C42B5001EC42E /* Views */ = {
			isa = PBXGroup;
			children = (
				E8F5D560231C42D4001EC42E /* HeadlinesCellTests.swift */,
				E8F5D58C231F0FE4001EC42E /* HeadlinesLisViewControllerTests.swift */,
			);
			path = Views;
			sourceTree = "<group>";
		};
		E8F5D56C231D8CFD001EC42E /* Controllers */ = {
			isa = PBXGroup;
			children = (
				E8F5D56D231D8D15001EC42E /* HeadlinesFlowControllerTests.swift */,
				E8F5D581231EE639001EC42E /* HeadlinesListControllerTests.swift */,
				E8F5D57B231EAB8F001EC42E /* HeadlineDetailControllerTests.swift */,
				E8F5D58E231F119D001EC42E /* FavoriteHeadlinesControllerTests.swift */,
			);
			path = Controllers;
			sourceTree = "<group>";
		};
		E8F5D572231D9210001EC42E /* Favorites */ = {
			isa = PBXGroup;
			children = (
				E8F5D573231D9228001EC42E /* FavoritesManager.swift */,
				E8F5D575231D925C001EC42E /* FavoritesCache.swift */,
			);
			path = Favorites;
			sourceTree = "<group>";
		};
		E8F5D583231EEB96001EC42E /* Favorites */ = {
			isa = PBXGroup;
			children = (
				E8F5D57D231EABE7001EC42E /* MockFavoritesManager.swift */,
				E8F5D584231EEBC8001EC42E /* FavoritesManagerTests.swift */,
				E8F5D586231EEBD3001EC42E /* FavoritesCacheTests.swift */,
				E8F5D588231EF9CD001EC42E /* MockFavoritesCache.swift */,
			);
			path = Favorites;
			sourceTree = "<group>";
		};
/* End PBXGroup section */

/* Begin PBXNativeTarget section */
		E8F5D50D231BE867001EC42E /* BBCTopStories */ = {
			isa = PBXNativeTarget;
			buildConfigurationList = E8F5D52B231BE869001EC42E /* Build configuration list for PBXNativeTarget "BBCTopStories" */;
			buildPhases = (
				322359EE492F08954C4D3AE2 /* [CP] Check Pods Manifest.lock */,
				E8F5D50A231BE867001EC42E /* Sources */,
				E8F5D50B231BE867001EC42E /* Frameworks */,
				E8F5D50C231BE867001EC42E /* Resources */,
				F068C511C12AD137CD8CA068 /* [CP] Embed Pods Frameworks */,
			);
			buildRules = (
			);
			dependencies = (
			);
			name = BBCTopStories;
			productName = BBCTopStories;
			productReference = E8F5D50E231BE867001EC42E /* BBCTopStories.app */;
			productType = "com.apple.product-type.application";
		};
		E8F5D521231BE869001EC42E /* BBCTopStoriesTests */ = {
			isa = PBXNativeTarget;
			buildConfigurationList = E8F5D52E231BE869001EC42E /* Build configuration list for PBXNativeTarget "BBCTopStoriesTests" */;
			buildPhases = (
				E8F5D51E231BE869001EC42E /* Sources */,
				E8F5D51F231BE869001EC42E /* Frameworks */,
				E8F5D520231BE869001EC42E /* Resources */,
			);
			buildRules = (
			);
			dependencies = (
				E8F5D524231BE869001EC42E /* PBXTargetDependency */,
			);
			name = BBCTopStoriesTests;
			productName = BBCTopStoriesTests;
			productReference = E8F5D522231BE869001EC42E /* BBCTopStoriesTests.xctest */;
			productType = "com.apple.product-type.bundle.unit-test";
		};
		E8F5D591231F19CD001EC42E /* NYTTopStories */ = {
			isa = PBXNativeTarget;
			buildConfigurationList = E8F5D5AC231F19CD001EC42E /* Build configuration list for PBXNativeTarget "NYTTopStories" */;
			buildPhases = (
				E8F5D592231F19CD001EC42E /* [CP] Check Pods Manifest.lock */,
				E8F5D593231F19CD001EC42E /* Sources */,
				E8F5D5A5231F19CD001EC42E /* Frameworks */,
				E8F5D5A7231F19CD001EC42E /* Resources */,
				E8F5D5AB231F19CD001EC42E /* [CP] Embed Pods Frameworks */,
			);
			buildRules = (
			);
			dependencies = (
			);
			name = NYTTopStories;
			productName = BBCTopStories;
			productReference = E8F5D5AF231F19CD001EC42E /* NYTTopStories.app */;
			productType = "com.apple.product-type.application";
		};
/* End PBXNativeTarget section */

/* Begin PBXProject section */
		E8F5D506231BE867001EC42E /* Project object */ = {
			isa = PBXProject;
			attributes = {
				LastSwiftUpdateCheck = 1020;
				LastUpgradeCheck = 1020;
				ORGANIZATIONNAME = Alex;
				TargetAttributes = {
					E8F5D50D231BE867001EC42E = {
						CreatedOnToolsVersion = 10.2.1;
					};
					E8F5D521231BE869001EC42E = {
						CreatedOnToolsVersion = 10.2.1;
						LastSwiftMigration = 1020;
						TestTargetID = E8F5D50D231BE867001EC42E;
					};
				};
			};
			buildConfigurationList = E8F5D509231BE867001EC42E /* Build configuration list for PBXProject "BBCTopStories" */;
			compatibilityVersion = "Xcode 9.3";
			developmentRegion = en;
			hasScannedForEncodings = 0;
			knownRegions = (
				en,
				Base,
			);
			mainGroup = E8F5D505231BE867001EC42E;
			productRefGroup = E8F5D50F231BE867001EC42E /* Products */;
			projectDirPath = "";
			projectRoot = "";
			targets = (
				E8F5D50D231BE867001EC42E /* BBCTopStories */,
				E8F5D591231F19CD001EC42E /* NYTTopStories */,
				E8F5D521231BE869001EC42E /* BBCTopStoriesTests */,
			);
		};
/* End PBXProject section */

/* Begin PBXResourcesBuildPhase section */
		E8F5D50C231BE867001EC42E /* Resources */ = {
			isa = PBXResourcesBuildPhase;
			buildActionMask = 2147483647;
			files = (
				E8F5D51C231BE869001EC42E /* LaunchScreen.storyboard in Resources */,
				E8F5D532231BEA98001EC42E /* Headlines.storyboard in Resources */,
				E8F5D519231BE869001EC42E /* Assets.xcassets in Resources */,
			);
			runOnlyForDeploymentPostprocessing = 0;
		};
		E8F5D520231BE869001EC42E /* Resources */ = {
			isa = PBXResourcesBuildPhase;
			buildActionMask = 2147483647;
			files = (
			);
			runOnlyForDeploymentPostprocessing = 0;
		};
		E8F5D5A7231F19CD001EC42E /* Resources */ = {
			isa = PBXResourcesBuildPhase;
			buildActionMask = 2147483647;
			files = (
				E8F5D5A8231F19CD001EC42E /* LaunchScreen.storyboard in Resources */,
				E8F5D5A9231F19CD001EC42E /* Headlines.storyboard in Resources */,
				E8F5D5AA231F19CD001EC42E /* Assets.xcassets in Resources */,
			);
			runOnlyForDeploymentPostprocessing = 0;
		};
/* End PBXResourcesBuildPhase section */

/* Begin PBXShellScriptBuildPhase section */
		322359EE492F08954C4D3AE2 /* [CP] Check Pods Manifest.lock */ = {
			isa = PBXShellScriptBuildPhase;
			buildActionMask = 2147483647;
			files = (
			);
			inputFileListPaths = (
			);
			inputPaths = (
				"${PODS_PODFILE_DIR_PATH}/Podfile.lock",
				"${PODS_ROOT}/Manifest.lock",
			);
			name = "[CP] Check Pods Manifest.lock";
			outputFileListPaths = (
			);
			outputPaths = (
				"$(DERIVED_FILE_DIR)/Pods-BBCTopStories-checkManifestLockResult.txt",
			);
			runOnlyForDeploymentPostprocessing = 0;
			shellPath = /bin/sh;
			shellScript = "diff \"${PODS_PODFILE_DIR_PATH}/Podfile.lock\" \"${PODS_ROOT}/Manifest.lock\" > /dev/null\nif [ $? != 0 ] ; then\n    # print error to STDERR\n    echo \"error: The sandbox is not in sync with the Podfile.lock. Run 'pod install' or update your CocoaPods installation.\" >&2\n    exit 1\nfi\n# This output is used by Xcode 'outputs' to avoid re-running this script phase.\necho \"SUCCESS\" > \"${SCRIPT_OUTPUT_FILE_0}\"\n";
			showEnvVarsInLog = 0;
		};
		E8F5D592231F19CD001EC42E /* [CP] Check Pods Manifest.lock */ = {
			isa = PBXShellScriptBuildPhase;
			buildActionMask = 2147483647;
			files = (
			);
			inputFileListPaths = (
			);
			inputPaths = (
				"${PODS_PODFILE_DIR_PATH}/Podfile.lock",
				"${PODS_ROOT}/Manifest.lock",
			);
			name = "[CP] Check Pods Manifest.lock";
			outputFileListPaths = (
			);
			outputPaths = (
				"$(DERIVED_FILE_DIR)/Pods-BBCTopStories-checkManifestLockResult.txt",
			);
			runOnlyForDeploymentPostprocessing = 0;
			shellPath = /bin/sh;
			shellScript = "diff \"${PODS_PODFILE_DIR_PATH}/Podfile.lock\" \"${PODS_ROOT}/Manifest.lock\" > /dev/null\nif [ $? != 0 ] ; then\n    # print error to STDERR\n    echo \"error: The sandbox is not in sync with the Podfile.lock. Run 'pod install' or update your CocoaPods installation.\" >&2\n    exit 1\nfi\n# This output is used by Xcode 'outputs' to avoid re-running this script phase.\necho \"SUCCESS\" > \"${SCRIPT_OUTPUT_FILE_0}\"\n";
			showEnvVarsInLog = 0;
		};
		E8F5D5AB231F19CD001EC42E /* [CP] Embed Pods Frameworks */ = {
			isa = PBXShellScriptBuildPhase;
			buildActionMask = 2147483647;
			files = (
			);
			inputFileListPaths = (
				"${PODS_ROOT}/Target Support Files/Pods-BBCTopStories/Pods-BBCTopStories-frameworks-${CONFIGURATION}-input-files.xcfilelist",
			);
			name = "[CP] Embed Pods Frameworks";
			outputFileListPaths = (
				"${PODS_ROOT}/Target Support Files/Pods-BBCTopStories/Pods-BBCTopStories-frameworks-${CONFIGURATION}-output-files.xcfilelist",
			);
			runOnlyForDeploymentPostprocessing = 0;
			shellPath = /bin/sh;
			shellScript = "\"${PODS_ROOT}/Target Support Files/Pods-BBCTopStories/Pods-BBCTopStories-frameworks.sh\"\n";
			showEnvVarsInLog = 0;
		};
		F068C511C12AD137CD8CA068 /* [CP] Embed Pods Frameworks */ = {
			isa = PBXShellScriptBuildPhase;
			buildActionMask = 2147483647;
			files = (
			);
			inputFileListPaths = (
				"${PODS_ROOT}/Target Support Files/Pods-BBCTopStories/Pods-BBCTopStories-frameworks-${CONFIGURATION}-input-files.xcfilelist",
			);
			name = "[CP] Embed Pods Frameworks";
			outputFileListPaths = (
				"${PODS_ROOT}/Target Support Files/Pods-BBCTopStories/Pods-BBCTopStories-frameworks-${CONFIGURATION}-output-files.xcfilelist",
			);
			runOnlyForDeploymentPostprocessing = 0;
			shellPath = /bin/sh;
			shellScript = "\"${PODS_ROOT}/Target Support Files/Pods-BBCTopStories/Pods-BBCTopStories-frameworks.sh\"\n";
			showEnvVarsInLog = 0;
		};
/* End PBXShellScriptBuildPhase section */

/* Begin PBXSourcesBuildPhase section */
		E8F5D50A231BE867001EC42E /* Sources */ = {
			isa = PBXSourcesBuildPhase;
			buildActionMask = 2147483647;
			files = (
				E8F5D541231BEFAE001EC42E /* Array+SceneRepresentable.swift in Sources */,
				E8F5D53E231BEEE3001EC42E /* Storyboards.swift in Sources */,
				E8F5D554231C08A6001EC42E /* JSONParser.swift in Sources */,
				E8F5D512231BE867001EC42E /* AppDelegate.swift in Sources */,
				E8F5D539231BEBA9001EC42E /* HeadlinesListController.swift in Sources */,
				E8F5D576231D925C001EC42E /* FavoritesCache.swift in Sources */,
				E8F5D567231D6391001EC42E /* StoryListResponseModel.swift in Sources */,
				E8F5D5B2231F1A85001EC42E /* File.swift in Sources */,
				E8F5D56B231D7935001EC42E /* HeadlinesFlowController.swift in Sources */,
				E8F5D552231BFCD1001EC42E /* RequestPerformer.swift in Sources */,
				E8F5D54F231BFA0D001EC42E /* HeadlinesCell.swift in Sources */,
				E8F5D58B231F00E1001EC42E /* FavoriteHeadlinesController.swift in Sources */,
				E8F5D578231E9D98001EC42E /* HeadlineDetailController.swift in Sources */,
				E8F5D574231D9228001EC42E /* FavoritesManager.swift in Sources */,
				E8F5D53B231BED15001EC42E /* HeadlinesListViewController.swift in Sources */,
				E8F5D569231D7739001EC42E /* HeadlineDetailViewController.swift in Sources */,
				E8F5D543231BF0D7001EC42E /* HeadlinesStoryboardScenes.swift in Sources */,
				E8F5D557231C0BCD001EC42E /* Story.swift in Sources */,
			);
			runOnlyForDeploymentPostprocessing = 0;
		};
		E8F5D51E231BE869001EC42E /* Sources */ = {
			isa = PBXSourcesBuildPhase;
			buildActionMask = 2147483647;
			files = (
				E8F5D580231EE5BF001EC42E /* MockRequestPerformer.swift in Sources */,
				E8F5D55C231C3566001EC42E /* RequestPerformerTests.swift in Sources */,
				E8F5D55A231C3470001EC42E /* MockURLSession.swift in Sources */,
				E8F5D57C231EAB8F001EC42E /* HeadlineDetailControllerTests.swift in Sources */,
				E8F5D58D231F0FE4001EC42E /* HeadlinesLisViewControllerTests.swift in Sources */,
				E8F5D58F231F119D001EC42E /* FavoriteHeadlinesControllerTests.swift in Sources */,
				E8F5D57E231EABE7001EC42E /* MockFavoritesManager.swift in Sources */,
				E8F5D56E231D8D15001EC42E /* HeadlinesFlowControllerTests.swift in Sources */,
				E8F5D589231EF9CD001EC42E /* MockFavoritesCache.swift in Sources */,
				E8F5D587231EEBD3001EC42E /* FavoritesCacheTests.swift in Sources */,
				E8F5D55E231C3F19001EC42E /* JSONParserTests.swift in Sources */,
				E8F5D585231EEBC8001EC42E /* FavoritesManagerTests.swift in Sources */,
				E8F5D582231EE639001EC42E /* HeadlinesListControllerTests.swift in Sources */,
				E8F5D54A231BF51A001EC42E /* StoryboardsTests.swift in Sources */,
				E8F5D54D231BF5A8001EC42E /* HeadlinesStoryboardScenesTests.swift in Sources */,
				E8F5D561231C42D4001EC42E /* HeadlinesCellTests.swift in Sources */,
			);
			runOnlyForDeploymentPostprocessing = 0;
		};
		E8F5D593231F19CD001EC42E /* Sources */ = {
			isa = PBXSourcesBuildPhase;
			buildActionMask = 2147483647;
			files = (
				E8F5D594231F19CD001EC42E /* Array+SceneRepresentable.swift in Sources */,
				E8F5D595231F19CD001EC42E /* Storyboards.swift in Sources */,
				E8F5D596231F19CD001EC42E /* JSONParser.swift in Sources */,
				E8F5D597231F19CD001EC42E /* AppDelegate.swift in Sources */,
				E8F5D598231F19CD001EC42E /* HeadlinesListController.swift in Sources */,
				E8F5D599231F19CD001EC42E /* FavoritesCache.swift in Sources */,
				E8F5D59A231F19CD001EC42E /* StoryListResponseModel.swift in Sources */,
				E8F5D5B3231F1A85001EC42E /* File.swift in Sources */,
				E8F5D59B231F19CD001EC42E /* HeadlinesFlowController.swift in Sources */,
				E8F5D59C231F19CD001EC42E /* RequestPerformer.swift in Sources */,
				E8F5D59D231F19CD001EC42E /* HeadlinesCell.swift in Sources */,
				E8F5D59E231F19CD001EC42E /* FavoriteHeadlinesController.swift in Sources */,
				E8F5D59F231F19CD001EC42E /* HeadlineDetailController.swift in Sources */,
				E8F5D5A0231F19CD001EC42E /* FavoritesManager.swift in Sources */,
				E8F5D5A1231F19CD001EC42E /* HeadlinesListViewController.swift in Sources */,
				E8F5D5A2231F19CD001EC42E /* HeadlineDetailViewController.swift in Sources */,
				E8F5D5A3231F19CD001EC42E /* HeadlinesStoryboardScenes.swift in Sources */,
				E8F5D5A4231F19CD001EC42E /* Story.swift in Sources */,
			);
			runOnlyForDeploymentPostprocessing = 0;
		};
/* End PBXSourcesBuildPhase section */

/* Begin PBXTargetDependency section */
		E8F5D524231BE869001EC42E /* PBXTargetDependency */ = {
			isa = PBXTargetDependency;
			target = E8F5D50D231BE867001EC42E /* BBCTopStories */;
			targetProxy = E8F5D523231BE869001EC42E /* PBXContainerItemProxy */;
		};
/* End PBXTargetDependency section */

/* Begin PBXVariantGroup section */
		E8F5D51A231BE869001EC42E /* LaunchScreen.storyboard */ = {
			isa = PBXVariantGroup;
			children = (
				E8F5D51B231BE869001EC42E /* Base */,
			);
			name = LaunchScreen.storyboard;
			sourceTree = "<group>";
		};
/* End PBXVariantGroup section */

/* Begin XCBuildConfiguration section */
		E8F5D529231BE869001EC42E /* Debug */ = {
			isa = XCBuildConfiguration;
			buildSettings = {
				ALWAYS_SEARCH_USER_PATHS = NO;
				CLANG_ANALYZER_NONNULL = YES;
				CLANG_ANALYZER_NUMBER_OBJECT_CONVERSION = YES_AGGRESSIVE;
				CLANG_CXX_LANGUAGE_STANDARD = "gnu++14";
				CLANG_CXX_LIBRARY = "libc++";
				CLANG_ENABLE_MODULES = YES;
				CLANG_ENABLE_OBJC_ARC = YES;
				CLANG_ENABLE_OBJC_WEAK = YES;
				CLANG_WARN_BLOCK_CAPTURE_AUTORELEASING = YES;
				CLANG_WARN_BOOL_CONVERSION = YES;
				CLANG_WARN_COMMA = YES;
				CLANG_WARN_CONSTANT_CONVERSION = YES;
				CLANG_WARN_DEPRECATED_OBJC_IMPLEMENTATIONS = YES;
				CLANG_WARN_DIRECT_OBJC_ISA_USAGE = YES_ERROR;
				CLANG_WARN_DOCUMENTATION_COMMENTS = YES;
				CLANG_WARN_EMPTY_BODY = YES;
				CLANG_WARN_ENUM_CONVERSION = YES;
				CLANG_WARN_INFINITE_RECURSION = YES;
				CLANG_WARN_INT_CONVERSION = YES;
				CLANG_WARN_NON_LITERAL_NULL_CONVERSION = YES;
				CLANG_WARN_OBJC_IMPLICIT_RETAIN_SELF = YES;
				CLANG_WARN_OBJC_LITERAL_CONVERSION = YES;
				CLANG_WARN_OBJC_ROOT_CLASS = YES_ERROR;
				CLANG_WARN_RANGE_LOOP_ANALYSIS = YES;
				CLANG_WARN_STRICT_PROTOTYPES = YES;
				CLANG_WARN_SUSPICIOUS_MOVE = YES;
				CLANG_WARN_UNGUARDED_AVAILABILITY = YES_AGGRESSIVE;
				CLANG_WARN_UNREACHABLE_CODE = YES;
				CLANG_WARN__DUPLICATE_METHOD_MATCH = YES;
				CODE_SIGN_IDENTITY = "iPhone Developer";
				COPY_PHASE_STRIP = NO;
				DEBUG_INFORMATION_FORMAT = dwarf;
				ENABLE_STRICT_OBJC_MSGSEND = YES;
				ENABLE_TESTABILITY = YES;
				GCC_C_LANGUAGE_STANDARD = gnu11;
				GCC_DYNAMIC_NO_PIC = NO;
				GCC_NO_COMMON_BLOCKS = YES;
				GCC_OPTIMIZATION_LEVEL = 0;
				GCC_PREPROCESSOR_DEFINITIONS = (
					"DEBUG=1",
					"$(inherited)",
				);
				GCC_WARN_64_TO_32_BIT_CONVERSION = YES;
				GCC_WARN_ABOUT_RETURN_TYPE = YES_ERROR;
				GCC_WARN_UNDECLARED_SELECTOR = YES;
				GCC_WARN_UNINITIALIZED_AUTOS = YES_AGGRESSIVE;
				GCC_WARN_UNUSED_FUNCTION = YES;
				GCC_WARN_UNUSED_VARIABLE = YES;
				IPHONEOS_DEPLOYMENT_TARGET = 12.2;
				MTL_ENABLE_DEBUG_INFO = INCLUDE_SOURCE;
				MTL_FAST_MATH = YES;
				ONLY_ACTIVE_ARCH = YES;
				SDKROOT = iphoneos;
				SWIFT_ACTIVE_COMPILATION_CONDITIONS = DEBUG;
				SWIFT_OPTIMIZATION_LEVEL = "-Onone";
			};
			name = Debug;
		};
		E8F5D52A231BE869001EC42E /* Release */ = {
			isa = XCBuildConfiguration;
			buildSettings = {
				ALWAYS_SEARCH_USER_PATHS = NO;
				CLANG_ANALYZER_NONNULL = YES;
				CLANG_ANALYZER_NUMBER_OBJECT_CONVERSION = YES_AGGRESSIVE;
				CLANG_CXX_LANGUAGE_STANDARD = "gnu++14";
				CLANG_CXX_LIBRARY = "libc++";
				CLANG_ENABLE_MODULES = YES;
				CLANG_ENABLE_OBJC_ARC = YES;
				CLANG_ENABLE_OBJC_WEAK = YES;
				CLANG_WARN_BLOCK_CAPTURE_AUTORELEASING = YES;
				CLANG_WARN_BOOL_CONVERSION = YES;
				CLANG_WARN_COMMA = YES;
				CLANG_WARN_CONSTANT_CONVERSION = YES;
				CLANG_WARN_DEPRECATED_OBJC_IMPLEMENTATIONS = YES;
				CLANG_WARN_DIRECT_OBJC_ISA_USAGE = YES_ERROR;
				CLANG_WARN_DOCUMENTATION_COMMENTS = YES;
				CLANG_WARN_EMPTY_BODY = YES;
				CLANG_WARN_ENUM_CONVERSION = YES;
				CLANG_WARN_INFINITE_RECURSION = YES;
				CLANG_WARN_INT_CONVERSION = YES;
				CLANG_WARN_NON_LITERAL_NULL_CONVERSION = YES;
				CLANG_WARN_OBJC_IMPLICIT_RETAIN_SELF = YES;
				CLANG_WARN_OBJC_LITERAL_CONVERSION = YES;
				CLANG_WARN_OBJC_ROOT_CLASS = YES_ERROR;
				CLANG_WARN_RANGE_LOOP_ANALYSIS = YES;
				CLANG_WARN_STRICT_PROTOTYPES = YES;
				CLANG_WARN_SUSPICIOUS_MOVE = YES;
				CLANG_WARN_UNGUARDED_AVAILABILITY = YES_AGGRESSIVE;
				CLANG_WARN_UNREACHABLE_CODE = YES;
				CLANG_WARN__DUPLICATE_METHOD_MATCH = YES;
				CODE_SIGN_IDENTITY = "iPhone Developer";
				COPY_PHASE_STRIP = NO;
				DEBUG_INFORMATION_FORMAT = "dwarf-with-dsym";
				ENABLE_NS_ASSERTIONS = NO;
				ENABLE_STRICT_OBJC_MSGSEND = YES;
				GCC_C_LANGUAGE_STANDARD = gnu11;
				GCC_NO_COMMON_BLOCKS = YES;
				GCC_WARN_64_TO_32_BIT_CONVERSION = YES;
				GCC_WARN_ABOUT_RETURN_TYPE = YES_ERROR;
				GCC_WARN_UNDECLARED_SELECTOR = YES;
				GCC_WARN_UNINITIALIZED_AUTOS = YES_AGGRESSIVE;
				GCC_WARN_UNUSED_FUNCTION = YES;
				GCC_WARN_UNUSED_VARIABLE = YES;
				IPHONEOS_DEPLOYMENT_TARGET = 12.2;
				MTL_ENABLE_DEBUG_INFO = NO;
				MTL_FAST_MATH = YES;
				SDKROOT = iphoneos;
				SWIFT_COMPILATION_MODE = wholemodule;
				SWIFT_OPTIMIZATION_LEVEL = "-O";
				VALIDATE_PRODUCT = YES;
			};
			name = Release;
		};
		E8F5D52C231BE869001EC42E /* Debug */ = {
			isa = XCBuildConfiguration;
			baseConfigurationReference = A8111A750307C90AD1D00A45 /* Pods-BBCTopStories.debug.xcconfig */;
			buildSettings = {
				ASSETCATALOG_COMPILER_APPICON_NAME = AppIcon;
				CODE_SIGN_STYLE = Automatic;
				DEVELOPMENT_TEAM = 3LU4SWMQRX;
				INFOPLIST_FILE = BBCTopStories/Info.plist;
				LD_RUNPATH_SEARCH_PATHS = (
					"$(inherited)",
					"@executable_path/Frameworks",
				);
				PRODUCT_BUNDLE_IDENTIFIER = dev.ge.BBCTopStories;
				PRODUCT_NAME = "$(TARGET_NAME)";
				SWIFT_ACTIVE_COMPILATION_CONDITIONS = "DEBUG BBC";
				SWIFT_VERSION = 5.0;
				TARGETED_DEVICE_FAMILY = "1,2";
			};
			name = Debug;
		};
		E8F5D52D231BE869001EC42E /* Release */ = {
			isa = XCBuildConfiguration;
			baseConfigurationReference = 741FAAD46AFF9CC90D888FBD /* Pods-BBCTopStories.release.xcconfig */;
			buildSettings = {
				ASSETCATALOG_COMPILER_APPICON_NAME = AppIcon;
				CODE_SIGN_STYLE = Automatic;
				DEVELOPMENT_TEAM = 3LU4SWMQRX;
				INFOPLIST_FILE = BBCTopStories/Info.plist;
				LD_RUNPATH_SEARCH_PATHS = (
					"$(inherited)",
					"@executable_path/Frameworks",
				);
				PRODUCT_BUNDLE_IDENTIFIER = dev.ge.BBCTopStories;
				PRODUCT_NAME = "$(TARGET_NAME)";
				SWIFT_ACTIVE_COMPILATION_CONDITIONS = BBC;
				SWIFT_VERSION = 5.0;
				TARGETED_DEVICE_FAMILY = "1,2";
			};
			name = Release;
		};
		E8F5D52F231BE869001EC42E /* Debug */ = {
			isa = XCBuildConfiguration;
			buildSettings = {
				ALWAYS_EMBED_SWIFT_STANDARD_LIBRARIES = YES;
				BUNDLE_LOADER = "$(TEST_HOST)";
				CLANG_ENABLE_MODULES = YES;
				CODE_SIGN_STYLE = Automatic;
				DEVELOPMENT_TEAM = 3LU4SWMQRX;
				INFOPLIST_FILE = BBCTopStoriesTests/Info.plist;
				LD_RUNPATH_SEARCH_PATHS = (
					"$(inherited)",
					"@executable_path/Frameworks",
					"@loader_path/Frameworks",
				);
				PRODUCT_BUNDLE_IDENTIFIER = dev.ge.BBCTopStoriesTests;
				PRODUCT_NAME = "$(TARGET_NAME)";
				SWIFT_OBJC_BRIDGING_HEADER = "BBCTopStoriesTests/BBCTopStoriesTests-Bridging-Header.h";
				SWIFT_OPTIMIZATION_LEVEL = "-Onone";
				SWIFT_VERSION = 5.0;
				TARGETED_DEVICE_FAMILY = "1,2";
				TEST_HOST = "$(BUILT_PRODUCTS_DIR)/BBCTopStories.app/BBCTopStories";
			};
			name = Debug;
		};
		E8F5D530231BE869001EC42E /* Release */ = {
			isa = XCBuildConfiguration;
			buildSettings = {
				ALWAYS_EMBED_SWIFT_STANDARD_LIBRARIES = YES;
				BUNDLE_LOADER = "$(TEST_HOST)";
				CLANG_ENABLE_MODULES = YES;
				CODE_SIGN_STYLE = Automatic;
				DEVELOPMENT_TEAM = 3LU4SWMQRX;
				INFOPLIST_FILE = BBCTopStoriesTests/Info.plist;
				LD_RUNPATH_SEARCH_PATHS = (
					"$(inherited)",
					"@executable_path/Frameworks",
					"@loader_path/Frameworks",
				);
				PRODUCT_BUNDLE_IDENTIFIER = dev.ge.BBCTopStoriesTests;
				PRODUCT_NAME = "$(TARGET_NAME)";
				SWIFT_OBJC_BRIDGING_HEADER = "BBCTopStoriesTests/BBCTopStoriesTests-Bridging-Header.h";
				SWIFT_VERSION = 5.0;
				TARGETED_DEVICE_FAMILY = "1,2";
				TEST_HOST = "$(BUILT_PRODUCTS_DIR)/BBCTopStories.app/BBCTopStories";
			};
			name = Release;
		};
		E8F5D5AD231F19CD001EC42E /* Debug */ = {
			isa = XCBuildConfiguration;
			baseConfigurationReference = A8111A750307C90AD1D00A45 /* Pods-BBCTopStories.debug.xcconfig */;
			buildSettings = {
				ASSETCATALOG_COMPILER_APPICON_NAME = AppIcon;
				CODE_SIGN_STYLE = Automatic;
				DEVELOPMENT_TEAM = 3LU4SWMQRX;
				INFOPLIST_FILE = NYTTopStories.plist;
				LD_RUNPATH_SEARCH_PATHS = (
					"$(inherited)",
					"@executable_path/Frameworks",
				);
				PRODUCT_BUNDLE_IDENTIFIER = dev.ge.BBCTopStories;
				PRODUCT_NAME = "$(TARGET_NAME)";
				SWIFT_ACTIVE_COMPILATION_CONDITIONS = "DEBUG NYT";
				SWIFT_VERSION = 5.0;
				TARGETED_DEVICE_FAMILY = "1,2";
			};
			name = Debug;
		};
		E8F5D5AE231F19CD001EC42E /* Release */ = {
			isa = XCBuildConfiguration;
			baseConfigurationReference = 741FAAD46AFF9CC90D888FBD /* Pods-BBCTopStories.release.xcconfig */;
			buildSettings = {
				ASSETCATALOG_COMPILER_APPICON_NAME = AppIcon;
				CODE_SIGN_STYLE = Automatic;
				DEVELOPMENT_TEAM = 3LU4SWMQRX;
				INFOPLIST_FILE = NYTTopStories.plist;
				LD_RUNPATH_SEARCH_PATHS = (
					"$(inherited)",
					"@executable_path/Frameworks",
				);
				PRODUCT_BUNDLE_IDENTIFIER = dev.ge.BBCTopStories;
				PRODUCT_NAME = "$(TARGET_NAME)";
				SWIFT_ACTIVE_COMPILATION_CONDITIONS = NYT;
				SWIFT_VERSION = 5.0;
				TARGETED_DEVICE_FAMILY = "1,2";
			};
			name = Release;
		};
/* End XCBuildConfiguration section */

/* Begin XCConfigurationList section */
		E8F5D509231BE867001EC42E /* Build configuration list for PBXProject "BBCTopStories" */ = {
			isa = XCConfigurationList;
			buildConfigurations = (
				E8F5D529231BE869001EC42E /* Debug */,
				E8F5D52A231BE869001EC42E /* Release */,
			);
			defaultConfigurationIsVisible = 0;
			defaultConfigurationName = Release;
		};
		E8F5D52B231BE869001EC42E /* Build configuration list for PBXNativeTarget "BBCTopStories" */ = {
			isa = XCConfigurationList;
			buildConfigurations = (
				E8F5D52C231BE869001EC42E /* Debug */,
				E8F5D52D231BE869001EC42E /* Release */,
			);
			defaultConfigurationIsVisible = 0;
			defaultConfigurationName = Release;
		};
		E8F5D52E231BE869001EC42E /* Build configuration list for PBXNativeTarget "BBCTopStoriesTests" */ = {
			isa = XCConfigurationList;
			buildConfigurations = (
				E8F5D52F231BE869001EC42E /* Debug */,
				E8F5D530231BE869001EC42E /* Release */,
			);
			defaultConfigurationIsVisible = 0;
			defaultConfigurationName = Release;
		};
		E8F5D5AC231F19CD001EC42E /* Build configuration list for PBXNativeTarget "NYTTopStories" */ = {
			isa = XCConfigurationList;
			buildConfigurations = (
				E8F5D5AD231F19CD001EC42E /* Debug */,
				E8F5D5AE231F19CD001EC42E /* Release */,
			);
			defaultConfigurationIsVisible = 0;
			defaultConfigurationName = Release;
		};
/* End XCConfigurationList section */
	};
	rootObject = E8F5D506231BE867001EC42E /* Project object */;
}
